
Microsoft Visual Studio Solution File, Format Version 12.00
# Visual Studio 15
VisualStudioVersion = 15.0.28307.489
MinimumVisualStudioVersion = 10.0.40219.1
Project("{8BC9CEB8-8B4A-11D0-8D11-00A0C91BC942}") = "EdsacC", "src\EdsacC.vcxproj", "{B7DFC0D2-1A41-4E0A-B2DC-901C7C41B6D7}"
EndProject
Global
	GlobalSection(SolutionConfigurationPlatforms) = preSolution
		Debug|x64 = Debug|x64
		Debug|x86 = Debug|x86
		Release|x64 = Release|x64
		Release|x86 = Release|x86
	EndGlobalSection
	GlobalSection(ProjectConfigurationPlatforms) = postSolution
		{B7DFC0D2-1A41-4E0A-B2DC-901C7C41B6D7}.Debug|x64.ActiveCfg = Debug|x64
		{B7DFC0D2-1A41-4E0A-B2DC-901C7C41B6D7}.Debug|x64.Build.0 = Debug|x64
		{B7DFC0D2-1A41-4E0A-B2DC-901C7C41B6D7}.Debug|x86.ActiveCfg = Debug|Win32
		{B7DFC0D2-1A41-4E0A-B2DC-901C7C41B6D7}.Debug|x86.Build.0 = Debug|Win32
		{B7DFC0D2-1A41-4E0A-B2DC-901C7C41B6D7}.Release|x64.ActiveCfg = Release|x64
		{B7DFC0D2-1A41-4E0A-B2DC-901C7C41B6D7}.Release|x64.Build.0 = Release|x64
		{B7DFC0D2-1A41-4E0A-B2DC-901C7C41B6D7}.Release|x86.ActiveCfg = Release|Win32
		{B7DFC0D2-1A41-4E0A-B2DC-901C7C41B6D7}.Release|x86.Build.0 = Release|Win32
	EndGlobalSection
	GlobalSection(SolutionProperties) = preSolution
		HideSolutionNode = FALSE
	EndGlobalSection
	GlobalSection(ExtensibilityGlobals) = postSolution
		SolutionGuid = {446E4AF1-F612-49A7-A5BC-8E99703F8F39}
	EndGlobalSection
EndGlobal
